
Microsoft Visual Studio Solution File, Format Version 12.00
# Visual Studio Version 17
VisualStudioVersion = 17.5.33424.131
MinimumVisualStudioVersion = 10.0.40219.1
Project("{FAE04EC0-301F-11D3-BF4B-00C04F79EFBC}") = "MandelBrot", "MandelBrot\MandelBrot.csproj", "{FA895800-7D21-40DF-9D9C-DC3D04B59BC3}"
EndProject
Global
	GlobalSection(SolutionConfigurationPlatforms) = preSolution
		Debug|Any CPU = Debug|Any CPU
		Release|Any CPU = Release|Any CPU
	EndGlobalSection
	GlobalSection(ProjectConfigurationPlatforms) = postSolution
		{FA895800-7D21-40DF-9D9C-DC3D04B59BC3}.Debug|Any CPU.ActiveCfg = Debug|Any CPU
		{FA895800-7D21-40DF-9D9C-DC3D04B59BC3}.Debug|Any CPU.Build.0 = Debug|Any CPU
		{FA895800-7D21-40DF-9D9C-DC3D04B59BC3}.Release|Any CPU.ActiveCfg = Release|Any CPU
		{FA895800-7D21-40DF-9D9C-DC3D04B59BC3}.Release|Any CPU.Build.0 = Release|Any CPU
	EndGlobalSection
	GlobalSection(SolutionProperties) = preSolution
		HideSolutionNode = FALSE
	EndGlobalSection
	GlobalSection(ExtensibilityGlobals) = postSolution
		SolutionGuid = {451E3D4A-E3FF-4466-B2E2-D874DD6B7780}
	EndGlobalSection
EndGlobal
